
Microsoft Visual Studio Solution File, Format Version 12.00
# Visual Studio Version 16
VisualStudioVersion = 16.0.29926.136
MinimumVisualStudioVersion = 10.0.40219.1
Project("{FAE04EC0-301F-11D3-BF4B-00C04F79EFBC}") = "ConsoleAppSerial", "ConsoleAppSerial\ConsoleAppSerial.csproj", "{52BB40DF-3C3A-4665-AD19-AE7A179F4969}"
EndProject
Global
	GlobalSection(SolutionConfigurationPlatforms) = preSolution
		Debug|Any CPU = Debug|Any CPU
		Release|Any CPU = Release|Any CPU
	EndGlobalSection
	GlobalSection(ProjectConfigurationPlatforms) = postSolution
		{52BB40DF-3C3A-4665-AD19-AE7A179F4969}.Debug|Any CPU.ActiveCfg = Debug|Any CPU
		{52BB40DF-3C3A-4665-AD19-AE7A179F4969}.Debug|Any CPU.Build.0 = Debug|Any CPU
		{52BB40DF-3C3A-4665-AD19-AE7A179F4969}.Release|Any CPU.ActiveCfg = Release|Any CPU
		{52BB40DF-3C3A-4665-AD19-AE7A179F4969}.Release|Any CPU.Build.0 = Release|Any CPU
	EndGlobalSection
	GlobalSection(SolutionProperties) = preSolution
		HideSolutionNode = FALSE
	EndGlobalSection
	GlobalSection(ExtensibilityGlobals) = postSolution
		SolutionGuid = {1F703DBF-013C-41EA-9B5F-942311A35B19}
	EndGlobalSection
EndGlobal
